
Microsoft Visual Studio Solution File, Format Version 12.00
# Visual Studio Version 17
VisualStudioVersion = 17.11.35222.181
MinimumVisualStudioVersion = 10.0.40219.1
Project("{FAE04EC0-301F-11D3-BF4B-00C04F79EFBC}") = "Andyporta.Prototipos.Ejercicio1", "Andyporta.Prototipos.Ejercicio1\Andyporta.Prototipos.Ejercicio1.csproj", "{B7E0AFE2-3267-4CF7-BF32-610B1842070C}"
EndProject
Global
	GlobalSection(SolutionConfigurationPlatforms) = preSolution
		Debug|Any CPU = Debug|Any CPU
		Release|Any CPU = Release|Any CPU
	EndGlobalSection
	GlobalSection(ProjectConfigurationPlatforms) = postSolution
		{B7E0AFE2-3267-4CF7-BF32-610B1842070C}.Debug|Any CPU.ActiveCfg = Debug|Any CPU
		{B7E0AFE2-3267-4CF7-BF32-610B1842070C}.Debug|Any CPU.Build.0 = Debug|Any CPU
		{B7E0AFE2-3267-4CF7-BF32-610B1842070C}.Release|Any CPU.ActiveCfg = Release|Any CPU
		{B7E0AFE2-3267-4CF7-BF32-610B1842070C}.Release|Any CPU.Build.0 = Release|Any CPU
	EndGlobalSection
	GlobalSection(SolutionProperties) = preSolution
		HideSolutionNode = FALSE
	EndGlobalSection
	GlobalSection(ExtensibilityGlobals) = postSolution
		SolutionGuid = {CB98F880-FD74-4609-8782-0382BA40472B}
	EndGlobalSection
EndGlobal
